
Microsoft Visual Studio Solution File, Format Version 12.00
# Visual Studio Version 17
VisualStudioVersion = 17.8.34330.188
MinimumVisualStudioVersion = 10.0.40219.1
Project("{9A19103F-16F7-4668-BE54-9A1E7A4F7556}") = "4.1.1", "4.1.1\4.1.1.csproj", "{55ABD923-CA9D-4940-9823-438761708416}"
EndProject
Project("{9A19103F-16F7-4668-BE54-9A1E7A4F7556}") = "4.1.2", "4.1.2\4.1.2.csproj", "{7CEC36A0-691F-4B0E-A256-E1A4CC738F3B}"
EndProject
Project("{9A19103F-16F7-4668-BE54-9A1E7A4F7556}") = "4.1.3", "4.1.3\4.1.3.csproj", "{BFE8AC80-404B-483F-802C-F4C305042157}"
EndProject
Project("{9A19103F-16F7-4668-BE54-9A1E7A4F7556}") = "4.1.4", "4.1.4\4.1.4.csproj", "{8A1BAA0F-B0E0-4779-9D33-9A20351C692E}"
EndProject
Project("{9A19103F-16F7-4668-BE54-9A1E7A4F7556}") = "4.2.1", "4.2.1\4.2.1.csproj", "{F77EFB06-5DF7-4216-90C2-86915CFD01E8}"
EndProject
Project("{9A19103F-16F7-4668-BE54-9A1E7A4F7556}") = "4.2.2", "4.2.2\4.2.2.csproj", "{7453B60D-7444-4237-AC13-8D134BDCE755}"
EndProject
Project("{9A19103F-16F7-4668-BE54-9A1E7A4F7556}") = "4.2.3", "4.2.3\4.2.3.csproj", "{80B00569-83D7-43BB-B996-FF86C4355F8A}"
EndProject
Project("{9A19103F-16F7-4668-BE54-9A1E7A4F7556}") = "4.3.1", "4.3.1\4.3.1.csproj", "{00E5DE24-F319-4C5C-94B4-04CF6186366C}"
EndProject
Project("{9A19103F-16F7-4668-BE54-9A1E7A4F7556}") = "4.3.2", "4.3.2\4.3.2.csproj", "{279659F4-25D3-42E0-9CF8-D52B4689FB6F}"
EndProject
Project("{9A19103F-16F7-4668-BE54-9A1E7A4F7556}") = "4.3.3", "4.3.3\4.3.3.csproj", "{FCC94DCF-735D-45BD-8644-4483236B616A}"
EndProject
Project("{9A19103F-16F7-4668-BE54-9A1E7A4F7556}") = "4.4.1", "4.4.1\4.4.1.csproj", "{CF06D1E3-52F6-432B-A792-D0378A6240E0}"
EndProject
Project("{9A19103F-16F7-4668-BE54-9A1E7A4F7556}") = "4.5.1", "4.5.1\4.5.1.csproj", "{D9D7AEFC-F884-48AD-8BF1-84D5455EA7F6}"
EndProject
Project("{9A19103F-16F7-4668-BE54-9A1E7A4F7556}") = "4.5.2", "4.5.2\4.5.2.csproj", "{54904A4E-037F-4B3D-9F86-B431A12C981C}"
EndProject
Project("{9A19103F-16F7-4668-BE54-9A1E7A4F7556}") = "4.5.3", "4.5.3\4.5.3.csproj", "{CF8123FC-6BB2-4DAB-9DAC-8C4B21DEB0A4}"
EndProject
Project("{FAE04EC0-301F-11D3-BF4B-00C04F79EFBC}") = "Matrix", "Matrix\Matrix.csproj", "{6625DC8F-E5D6-4D49-B4FA-ED58EB150CB2}"
EndProject
Global
	GlobalSection(SolutionConfigurationPlatforms) = preSolution
		Debug|Any CPU = Debug|Any CPU
		Release|Any CPU = Release|Any CPU
	EndGlobalSection
	GlobalSection(ProjectConfigurationPlatforms) = postSolution
		{55ABD923-CA9D-4940-9823-438761708416}.Debug|Any CPU.ActiveCfg = Debug|Any CPU
		{55ABD923-CA9D-4940-9823-438761708416}.Debug|Any CPU.Build.0 = Debug|Any CPU
		{55ABD923-CA9D-4940-9823-438761708416}.Release|Any CPU.ActiveCfg = Release|Any CPU
		{55ABD923-CA9D-4940-9823-438761708416}.Release|Any CPU.Build.0 = Release|Any CPU
		{7CEC36A0-691F-4B0E-A256-E1A4CC738F3B}.Debug|Any CPU.ActiveCfg = Debug|Any CPU
		{7CEC36A0-691F-4B0E-A256-E1A4CC738F3B}.Debug|Any CPU.Build.0 = Debug|Any CPU
		{7CEC36A0-691F-4B0E-A256-E1A4CC738F3B}.Release|Any CPU.ActiveCfg = Release|Any CPU
		{7CEC36A0-691F-4B0E-A256-E1A4CC738F3B}.Release|Any CPU.Build.0 = Release|Any CPU
		{BFE8AC80-404B-483F-802C-F4C305042157}.Debug|Any CPU.ActiveCfg = Debug|Any CPU
		{BFE8AC80-404B-483F-802C-F4C305042157}.Debug|Any CPU.Build.0 = Debug|Any CPU
		{BFE8AC80-404B-483F-802C-F4C305042157}.Release|Any CPU.ActiveCfg = Release|Any CPU
		{BFE8AC80-404B-483F-802C-F4C305042157}.Release|Any CPU.Build.0 = Release|Any CPU
		{8A1BAA0F-B0E0-4779-9D33-9A20351C692E}.Debug|Any CPU.ActiveCfg = Debug|Any CPU
		{8A1BAA0F-B0E0-4779-9D33-9A20351C692E}.Debug|Any CPU.Build.0 = Debug|Any CPU
		{8A1BAA0F-B0E0-4779-9D33-9A20351C692E}.Release|Any CPU.ActiveCfg = Release|Any CPU
		{8A1BAA0F-B0E0-4779-9D33-9A20351C692E}.Release|Any CPU.Build.0 = Release|Any CPU
		{F77EFB06-5DF7-4216-90C2-86915CFD01E8}.Debug|Any CPU.ActiveCfg = Debug|Any CPU
		{F77EFB06-5DF7-4216-90C2-86915CFD01E8}.Debug|Any CPU.Build.0 = Debug|Any CPU
		{F77EFB06-5DF7-4216-90C2-86915CFD01E8}.Release|Any CPU.ActiveCfg = Release|Any CPU
		{F77EFB06-5DF7-4216-90C2-86915CFD01E8}.Release|Any CPU.Build.0 = Release|Any CPU
		{7453B60D-7444-4237-AC13-8D134BDCE755}.Debug|Any CPU.ActiveCfg = Debug|Any CPU
		{7453B60D-7444-4237-AC13-8D134BDCE755}.Debug|Any CPU.Build.0 = Debug|Any CPU
		{7453B60D-7444-4237-AC13-8D134BDCE755}.Release|Any CPU.ActiveCfg = Release|Any CPU
		{7453B60D-7444-4237-AC13-8D134BDCE755}.Release|Any CPU.Build.0 = Release|Any CPU
		{80B00569-83D7-43BB-B996-FF86C4355F8A}.Debug|Any CPU.ActiveCfg = Debug|Any CPU
		{80B00569-83D7-43BB-B996-FF86C4355F8A}.Debug|Any CPU.Build.0 = Debug|Any CPU
		{80B00569-83D7-43BB-B996-FF86C4355F8A}.Release|Any CPU.ActiveCfg = Release|Any CPU
		{80B00569-83D7-43BB-B996-FF86C4355F8A}.Release|Any CPU.Build.0 = Release|Any CPU
		{00E5DE24-F319-4C5C-94B4-04CF6186366C}.Debug|Any CPU.ActiveCfg = Debug|Any CPU
		{00E5DE24-F319-4C5C-94B4-04CF6186366C}.Debug|Any CPU.Build.0 = Debug|Any CPU
		{00E5DE24-F319-4C5C-94B4-04CF6186366C}.Release|Any CPU.ActiveCfg = Release|Any CPU
		{00E5DE24-F319-4C5C-94B4-04CF6186366C}.Release|Any CPU.Build.0 = Release|Any CPU
		{279659F4-25D3-42E0-9CF8-D52B4689FB6F}.Debug|Any CPU.ActiveCfg = Debug|Any CPU
		{279659F4-25D3-42E0-9CF8-D52B4689FB6F}.Debug|Any CPU.Build.0 = Debug|Any CPU
		{279659F4-25D3-42E0-9CF8-D52B4689FB6F}.Release|Any CPU.ActiveCfg = Release|Any CPU
		{279659F4-25D3-42E0-9CF8-D52B4689FB6F}.Release|Any CPU.Build.0 = Release|Any CPU
		{FCC94DCF-735D-45BD-8644-4483236B616A}.Debug|Any CPU.ActiveCfg = Debug|Any CPU
		{FCC94DCF-735D-45BD-8644-4483236B616A}.Debug|Any CPU.Build.0 = Debug|Any CPU
		{FCC94DCF-735D-45BD-8644-4483236B616A}.Release|Any CPU.ActiveCfg = Release|Any CPU
		{FCC94DCF-735D-45BD-8644-4483236B616A}.Release|Any CPU.Build.0 = Release|Any CPU
		{CF06D1E3-52F6-432B-A792-D0378A6240E0}.Debug|Any CPU.ActiveCfg = Debug|Any CPU
		{CF06D1E3-52F6-432B-A792-D0378A6240E0}.Debug|Any CPU.Build.0 = Debug|Any CPU
		{CF06D1E3-52F6-432B-A792-D0378A6240E0}.Release|Any CPU.ActiveCfg = Release|Any CPU
		{CF06D1E3-52F6-432B-A792-D0378A6240E0}.Release|Any CPU.Build.0 = Release|Any CPU
		{D9D7AEFC-F884-48AD-8BF1-84D5455EA7F6}.Debug|Any CPU.ActiveCfg = Debug|Any CPU
		{D9D7AEFC-F884-48AD-8BF1-84D5455EA7F6}.Debug|Any CPU.Build.0 = Debug|Any CPU
		{D9D7AEFC-F884-48AD-8BF1-84D5455EA7F6}.Release|Any CPU.ActiveCfg = Release|Any CPU
		{D9D7AEFC-F884-48AD-8BF1-84D5455EA7F6}.Release|Any CPU.Build.0 = Release|Any CPU
		{54904A4E-037F-4B3D-9F86-B431A12C981C}.Debug|Any CPU.ActiveCfg = Debug|Any CPU
		{54904A4E-037F-4B3D-9F86-B431A12C981C}.Debug|Any CPU.Build.0 = Debug|Any CPU
		{54904A4E-037F-4B3D-9F86-B431A12C981C}.Release|Any CPU.ActiveCfg = Release|Any CPU
		{54904A4E-037F-4B3D-9F86-B431A12C981C}.Release|Any CPU.Build.0 = Release|Any CPU
		{CF8123FC-6BB2-4DAB-9DAC-8C4B21DEB0A4}.Debug|Any CPU.ActiveCfg = Debug|Any CPU
		{CF8123FC-6BB2-4DAB-9DAC-8C4B21DEB0A4}.Debug|Any CPU.Build.0 = Debug|Any CPU
		{CF8123FC-6BB2-4DAB-9DAC-8C4B21DEB0A4}.Release|Any CPU.ActiveCfg = Release|Any CPU
		{CF8123FC-6BB2-4DAB-9DAC-8C4B21DEB0A4}.Release|Any CPU.Build.0 = Release|Any CPU
		{6625DC8F-E5D6-4D49-B4FA-ED58EB150CB2}.Debug|Any CPU.ActiveCfg = Debug|Any CPU
		{6625DC8F-E5D6-4D49-B4FA-ED58EB150CB2}.Debug|Any CPU.Build.0 = Debug|Any CPU
		{6625DC8F-E5D6-4D49-B4FA-ED58EB150CB2}.Release|Any CPU.ActiveCfg = Release|Any CPU
		{6625DC8F-E5D6-4D49-B4FA-ED58EB150CB2}.Release|Any CPU.Build.0 = Release|Any CPU
	EndGlobalSection
	GlobalSection(SolutionProperties) = preSolution
		HideSolutionNode = FALSE
	EndGlobalSection
	GlobalSection(ExtensibilityGlobals) = postSolution
		SolutionGuid = {060A0977-C04A-4C3C-9537-19917727D167}
	EndGlobalSection
EndGlobal
